
Microsoft Visual Studio Solution File, Format Version 12.00
# Visual Studio Version 17
VisualStudioVersion = 17.2.32602.215
MinimumVisualStudioVersion = 10.0.40219.1
Project("{FAE04EC0-301F-11D3-BF4B-00C04F79EFBC}") = "Basic_Core", "Basic_Core.csproj", "{74D599D3-A030-46FA-AE16-A7C1653CAA0A}"
EndProject
Global
	GlobalSection(SolutionConfigurationPlatforms) = preSolution
		Debug|Any CPU = Debug|Any CPU
		Release|Any CPU = Release|Any CPU
	EndGlobalSection
	GlobalSection(ProjectConfigurationPlatforms) = postSolution
		{74D599D3-A030-46FA-AE16-A7C1653CAA0A}.Debug|Any CPU.ActiveCfg = Debug|Any CPU
		{74D599D3-A030-46FA-AE16-A7C1653CAA0A}.Debug|Any CPU.Build.0 = Debug|Any CPU
		{74D599D3-A030-46FA-AE16-A7C1653CAA0A}.Release|Any CPU.ActiveCfg = Release|Any CPU
		{74D599D3-A030-46FA-AE16-A7C1653CAA0A}.Release|Any CPU.Build.0 = Release|Any CPU
	EndGlobalSection
	GlobalSection(SolutionProperties) = preSolution
		HideSolutionNode = FALSE
	EndGlobalSection
	GlobalSection(ExtensibilityGlobals) = postSolution
		SolutionGuid = {58604525-CE99-4230-9E93-1445040514C2}
	EndGlobalSection
EndGlobal
